
Microsoft Visual Studio Solution File, Format Version 12.00
# Visual Studio 15
VisualStudioVersion = 15.0.28307.489
MinimumVisualStudioVersion = 10.0.40219.1
Project("{FAE04EC0-301F-11D3-BF4B-00C04F79EFBC}") = "1175", "1175\1175.csproj", "{9F7FF958-E4BC-40C5-95BE-2AF214D1A68F}"
EndProject
Global
	GlobalSection(SolutionConfigurationPlatforms) = preSolution
		Debug|Any CPU = Debug|Any CPU
		Release|Any CPU = Release|Any CPU
	EndGlobalSection
	GlobalSection(ProjectConfigurationPlatforms) = postSolution
		{9F7FF958-E4BC-40C5-95BE-2AF214D1A68F}.Debug|Any CPU.ActiveCfg = Debug|Any CPU
		{9F7FF958-E4BC-40C5-95BE-2AF214D1A68F}.Debug|Any CPU.Build.0 = Debug|Any CPU
		{9F7FF958-E4BC-40C5-95BE-2AF214D1A68F}.Release|Any CPU.ActiveCfg = Release|Any CPU
		{9F7FF958-E4BC-40C5-95BE-2AF214D1A68F}.Release|Any CPU.Build.0 = Release|Any CPU
	EndGlobalSection
	GlobalSection(SolutionProperties) = preSolution
		HideSolutionNode = FALSE
	EndGlobalSection
	GlobalSection(ExtensibilityGlobals) = postSolution
		SolutionGuid = {AAC8F5A6-07B3-4B1E-9609-BC39DE8F8454}
	EndGlobalSection
EndGlobal
