
Microsoft Visual Studio Solution File, Format Version 12.00
# Visual Studio 15
VisualStudioVersion = 15.0.28307.489
MinimumVisualStudioVersion = 10.0.40219.1
Project("{FAE04EC0-301F-11D3-BF4B-00C04F79EFBC}") = "URI1064", "URI1064\URI1064.csproj", "{CEF8100B-E85C-431F-9DDB-034712FFD711}"
EndProject
Global
	GlobalSection(SolutionConfigurationPlatforms) = preSolution
		Debug|Any CPU = Debug|Any CPU
		Release|Any CPU = Release|Any CPU
	EndGlobalSection
	GlobalSection(ProjectConfigurationPlatforms) = postSolution
		{CEF8100B-E85C-431F-9DDB-034712FFD711}.Debug|Any CPU.ActiveCfg = Debug|Any CPU
		{CEF8100B-E85C-431F-9DDB-034712FFD711}.Debug|Any CPU.Build.0 = Debug|Any CPU
		{CEF8100B-E85C-431F-9DDB-034712FFD711}.Release|Any CPU.ActiveCfg = Release|Any CPU
		{CEF8100B-E85C-431F-9DDB-034712FFD711}.Release|Any CPU.Build.0 = Release|Any CPU
	EndGlobalSection
	GlobalSection(SolutionProperties) = preSolution
		HideSolutionNode = FALSE
	EndGlobalSection
	GlobalSection(ExtensibilityGlobals) = postSolution
		SolutionGuid = {5F0F2C90-E9E8-4EBD-A7A1-2D7F980CA006}
	EndGlobalSection
EndGlobal
