
Microsoft Visual Studio Solution File, Format Version 12.00
# Visual Studio 15
VisualStudioVersion = 15.0.28307.421
MinimumVisualStudioVersion = 10.0.40219.1
Project("{FAE04EC0-301F-11D3-BF4B-00C04F79EFBC}") = "URI_1047", "URI_1047\URI_1047.csproj", "{68E4C411-1B4F-4188-B563-7BD9398857CE}"
EndProject
Global
	GlobalSection(SolutionConfigurationPlatforms) = preSolution
		Debug|Any CPU = Debug|Any CPU
		Release|Any CPU = Release|Any CPU
	EndGlobalSection
	GlobalSection(ProjectConfigurationPlatforms) = postSolution
		{68E4C411-1B4F-4188-B563-7BD9398857CE}.Debug|Any CPU.ActiveCfg = Debug|Any CPU
		{68E4C411-1B4F-4188-B563-7BD9398857CE}.Debug|Any CPU.Build.0 = Debug|Any CPU
		{68E4C411-1B4F-4188-B563-7BD9398857CE}.Release|Any CPU.ActiveCfg = Release|Any CPU
		{68E4C411-1B4F-4188-B563-7BD9398857CE}.Release|Any CPU.Build.0 = Release|Any CPU
	EndGlobalSection
	GlobalSection(SolutionProperties) = preSolution
		HideSolutionNode = FALSE
	EndGlobalSection
	GlobalSection(ExtensibilityGlobals) = postSolution
		SolutionGuid = {52017FC1-6BEF-4E46-BDA9-578BD0B7B870}
	EndGlobalSection
EndGlobal
