
Microsoft Visual Studio Solution File, Format Version 12.00
# Visual Studio 15
VisualStudioVersion = 15.0.28307.421
MinimumVisualStudioVersion = 10.0.40219.1
Project("{FAE04EC0-301F-11D3-BF4B-00C04F79EFBC}") = "URI_1044", "URI_1044\URI_1044.csproj", "{17FE9D83-FB37-460D-B40B-59850A153D14}"
EndProject
Global
	GlobalSection(SolutionConfigurationPlatforms) = preSolution
		Debug|Any CPU = Debug|Any CPU
		Release|Any CPU = Release|Any CPU
	EndGlobalSection
	GlobalSection(ProjectConfigurationPlatforms) = postSolution
		{17FE9D83-FB37-460D-B40B-59850A153D14}.Debug|Any CPU.ActiveCfg = Debug|Any CPU
		{17FE9D83-FB37-460D-B40B-59850A153D14}.Debug|Any CPU.Build.0 = Debug|Any CPU
		{17FE9D83-FB37-460D-B40B-59850A153D14}.Release|Any CPU.ActiveCfg = Release|Any CPU
		{17FE9D83-FB37-460D-B40B-59850A153D14}.Release|Any CPU.Build.0 = Release|Any CPU
	EndGlobalSection
	GlobalSection(SolutionProperties) = preSolution
		HideSolutionNode = FALSE
	EndGlobalSection
	GlobalSection(ExtensibilityGlobals) = postSolution
		SolutionGuid = {B7337D52-59F7-427B-A6D0-F00554C209A6}
	EndGlobalSection
EndGlobal
