
Microsoft Visual Studio Solution File, Format Version 12.00
# Visual Studio 15
VisualStudioVersion = 15.0.28307.421
MinimumVisualStudioVersion = 10.0.40219.1
Project("{FAE04EC0-301F-11D3-BF4B-00C04F79EFBC}") = "URI_1043", "URI_1043\URI_1043.csproj", "{0B93C3E4-7DF5-4002-9999-994860F31AA5}"
EndProject
Global
	GlobalSection(SolutionConfigurationPlatforms) = preSolution
		Debug|Any CPU = Debug|Any CPU
		Release|Any CPU = Release|Any CPU
	EndGlobalSection
	GlobalSection(ProjectConfigurationPlatforms) = postSolution
		{0B93C3E4-7DF5-4002-9999-994860F31AA5}.Debug|Any CPU.ActiveCfg = Debug|Any CPU
		{0B93C3E4-7DF5-4002-9999-994860F31AA5}.Debug|Any CPU.Build.0 = Debug|Any CPU
		{0B93C3E4-7DF5-4002-9999-994860F31AA5}.Release|Any CPU.ActiveCfg = Release|Any CPU
		{0B93C3E4-7DF5-4002-9999-994860F31AA5}.Release|Any CPU.Build.0 = Release|Any CPU
	EndGlobalSection
	GlobalSection(SolutionProperties) = preSolution
		HideSolutionNode = FALSE
	EndGlobalSection
	GlobalSection(ExtensibilityGlobals) = postSolution
		SolutionGuid = {D4205978-5F5E-40DE-AF8C-10E7ACB12398}
	EndGlobalSection
EndGlobal
