
Microsoft Visual Studio Solution File, Format Version 12.00
# Visual Studio 15
VisualStudioVersion = 15.0.28307.489
MinimumVisualStudioVersion = 10.0.40219.1
Project("{FAE04EC0-301F-11D3-BF4B-00C04F79EFBC}") = "1098", "1098\1098.csproj", "{2ACEB99F-32D9-484A-BD7A-61FE9D84E9D8}"
EndProject
Global
	GlobalSection(SolutionConfigurationPlatforms) = preSolution
		Debug|Any CPU = Debug|Any CPU
		Release|Any CPU = Release|Any CPU
	EndGlobalSection
	GlobalSection(ProjectConfigurationPlatforms) = postSolution
		{2ACEB99F-32D9-484A-BD7A-61FE9D84E9D8}.Debug|Any CPU.ActiveCfg = Debug|Any CPU
		{2ACEB99F-32D9-484A-BD7A-61FE9D84E9D8}.Debug|Any CPU.Build.0 = Debug|Any CPU
		{2ACEB99F-32D9-484A-BD7A-61FE9D84E9D8}.Release|Any CPU.ActiveCfg = Release|Any CPU
		{2ACEB99F-32D9-484A-BD7A-61FE9D84E9D8}.Release|Any CPU.Build.0 = Release|Any CPU
	EndGlobalSection
	GlobalSection(SolutionProperties) = preSolution
		HideSolutionNode = FALSE
	EndGlobalSection
	GlobalSection(ExtensibilityGlobals) = postSolution
		SolutionGuid = {73EFCE03-B915-42BA-8872-741EF6E772BD}
	EndGlobalSection
EndGlobal
