
Microsoft Visual Studio Solution File, Format Version 12.00
# Visual Studio 15
VisualStudioVersion = 15.0.28307.489
MinimumVisualStudioVersion = 10.0.40219.1
Project("{FAE04EC0-301F-11D3-BF4B-00C04F79EFBC}") = "1113", "1113\1113.csproj", "{4CED33BD-E802-4310-8B41-D4ABD38F76F4}"
EndProject
Global
	GlobalSection(SolutionConfigurationPlatforms) = preSolution
		Debug|Any CPU = Debug|Any CPU
		Release|Any CPU = Release|Any CPU
	EndGlobalSection
	GlobalSection(ProjectConfigurationPlatforms) = postSolution
		{4CED33BD-E802-4310-8B41-D4ABD38F76F4}.Debug|Any CPU.ActiveCfg = Debug|Any CPU
		{4CED33BD-E802-4310-8B41-D4ABD38F76F4}.Debug|Any CPU.Build.0 = Debug|Any CPU
		{4CED33BD-E802-4310-8B41-D4ABD38F76F4}.Release|Any CPU.ActiveCfg = Release|Any CPU
		{4CED33BD-E802-4310-8B41-D4ABD38F76F4}.Release|Any CPU.Build.0 = Release|Any CPU
	EndGlobalSection
	GlobalSection(SolutionProperties) = preSolution
		HideSolutionNode = FALSE
	EndGlobalSection
	GlobalSection(ExtensibilityGlobals) = postSolution
		SolutionGuid = {21E52C39-B4C1-433A-ABD9-DC0D3DF0ED5B}
	EndGlobalSection
EndGlobal
