
Microsoft Visual Studio Solution File, Format Version 12.00
# Visual Studio 15
VisualStudioVersion = 15.0.28307.489
MinimumVisualStudioVersion = 10.0.40219.1
Project("{FAE04EC0-301F-11D3-BF4B-00C04F79EFBC}") = "1150", "1150\1150.csproj", "{1D1E33D0-E7F8-4151-8529-956145F4C866}"
EndProject
Global
	GlobalSection(SolutionConfigurationPlatforms) = preSolution
		Debug|Any CPU = Debug|Any CPU
		Release|Any CPU = Release|Any CPU
	EndGlobalSection
	GlobalSection(ProjectConfigurationPlatforms) = postSolution
		{1D1E33D0-E7F8-4151-8529-956145F4C866}.Debug|Any CPU.ActiveCfg = Debug|Any CPU
		{1D1E33D0-E7F8-4151-8529-956145F4C866}.Debug|Any CPU.Build.0 = Debug|Any CPU
		{1D1E33D0-E7F8-4151-8529-956145F4C866}.Release|Any CPU.ActiveCfg = Release|Any CPU
		{1D1E33D0-E7F8-4151-8529-956145F4C866}.Release|Any CPU.Build.0 = Release|Any CPU
	EndGlobalSection
	GlobalSection(SolutionProperties) = preSolution
		HideSolutionNode = FALSE
	EndGlobalSection
	GlobalSection(ExtensibilityGlobals) = postSolution
		SolutionGuid = {EF8AE750-3609-4B19-89DC-A5716828D01F}
	EndGlobalSection
EndGlobal
