
Microsoft Visual Studio Solution File, Format Version 12.00
# Visual Studio 15
VisualStudioVersion = 15.0.28307.489
MinimumVisualStudioVersion = 10.0.40219.1
Project("{FAE04EC0-301F-11D3-BF4B-00C04F79EFBC}") = "1164", "1164\1164.csproj", "{66E684CA-8662-4BF9-9AF7-93ADBFFAD0D5}"
EndProject
Global
	GlobalSection(SolutionConfigurationPlatforms) = preSolution
		Debug|Any CPU = Debug|Any CPU
		Release|Any CPU = Release|Any CPU
	EndGlobalSection
	GlobalSection(ProjectConfigurationPlatforms) = postSolution
		{66E684CA-8662-4BF9-9AF7-93ADBFFAD0D5}.Debug|Any CPU.ActiveCfg = Debug|Any CPU
		{66E684CA-8662-4BF9-9AF7-93ADBFFAD0D5}.Debug|Any CPU.Build.0 = Debug|Any CPU
		{66E684CA-8662-4BF9-9AF7-93ADBFFAD0D5}.Release|Any CPU.ActiveCfg = Release|Any CPU
		{66E684CA-8662-4BF9-9AF7-93ADBFFAD0D5}.Release|Any CPU.Build.0 = Release|Any CPU
	EndGlobalSection
	GlobalSection(SolutionProperties) = preSolution
		HideSolutionNode = FALSE
	EndGlobalSection
	GlobalSection(ExtensibilityGlobals) = postSolution
		SolutionGuid = {44020915-C67A-4815-A0B0-65DC4B0D9675}
	EndGlobalSection
EndGlobal
