
Microsoft Visual Studio Solution File, Format Version 12.00
# Visual Studio 15
VisualStudioVersion = 15.0.28307.421
MinimumVisualStudioVersion = 10.0.40219.1
Project("{FAE04EC0-301F-11D3-BF4B-00C04F79EFBC}") = "URI_1038", "URI_1038\URI_1038.csproj", "{06C8E6F7-4126-4272-B0FC-137E60267F14}"
EndProject
Global
	GlobalSection(SolutionConfigurationPlatforms) = preSolution
		Debug|Any CPU = Debug|Any CPU
		Release|Any CPU = Release|Any CPU
	EndGlobalSection
	GlobalSection(ProjectConfigurationPlatforms) = postSolution
		{06C8E6F7-4126-4272-B0FC-137E60267F14}.Debug|Any CPU.ActiveCfg = Debug|Any CPU
		{06C8E6F7-4126-4272-B0FC-137E60267F14}.Debug|Any CPU.Build.0 = Debug|Any CPU
		{06C8E6F7-4126-4272-B0FC-137E60267F14}.Release|Any CPU.ActiveCfg = Release|Any CPU
		{06C8E6F7-4126-4272-B0FC-137E60267F14}.Release|Any CPU.Build.0 = Release|Any CPU
	EndGlobalSection
	GlobalSection(SolutionProperties) = preSolution
		HideSolutionNode = FALSE
	EndGlobalSection
	GlobalSection(ExtensibilityGlobals) = postSolution
		SolutionGuid = {1947B56F-710D-4C12-B679-FEBA653B23E5}
	EndGlobalSection
EndGlobal
