
Microsoft Visual Studio Solution File, Format Version 12.00
# Visual Studio 15
VisualStudioVersion = 15.0.28307.421
MinimumVisualStudioVersion = 10.0.40219.1
Project("{FAE04EC0-301F-11D3-BF4B-00C04F79EFBC}") = "URI_1117", "URI_1117\URI_1117.csproj", "{2F9AB1AC-0FFA-451A-A50C-9453EE3A0322}"
EndProject
Global
	GlobalSection(SolutionConfigurationPlatforms) = preSolution
		Debug|Any CPU = Debug|Any CPU
		Release|Any CPU = Release|Any CPU
	EndGlobalSection
	GlobalSection(ProjectConfigurationPlatforms) = postSolution
		{2F9AB1AC-0FFA-451A-A50C-9453EE3A0322}.Debug|Any CPU.ActiveCfg = Debug|Any CPU
		{2F9AB1AC-0FFA-451A-A50C-9453EE3A0322}.Debug|Any CPU.Build.0 = Debug|Any CPU
		{2F9AB1AC-0FFA-451A-A50C-9453EE3A0322}.Release|Any CPU.ActiveCfg = Release|Any CPU
		{2F9AB1AC-0FFA-451A-A50C-9453EE3A0322}.Release|Any CPU.Build.0 = Release|Any CPU
	EndGlobalSection
	GlobalSection(SolutionProperties) = preSolution
		HideSolutionNode = FALSE
	EndGlobalSection
	GlobalSection(ExtensibilityGlobals) = postSolution
		SolutionGuid = {5504FDDB-AB1F-46A0-985A-E52E89A7E5BA}
	EndGlobalSection
EndGlobal
