
Microsoft Visual Studio Solution File, Format Version 12.00
# Visual Studio 15
VisualStudioVersion = 15.0.28307.421
MinimumVisualStudioVersion = 10.0.40219.1
Project("{FAE04EC0-301F-11D3-BF4B-00C04F79EFBC}") = "URI_1048", "URI_1048\URI_1048.csproj", "{B19A4681-CF51-44B8-9B2F-217B6A931409}"
EndProject
Global
	GlobalSection(SolutionConfigurationPlatforms) = preSolution
		Debug|Any CPU = Debug|Any CPU
		Release|Any CPU = Release|Any CPU
	EndGlobalSection
	GlobalSection(ProjectConfigurationPlatforms) = postSolution
		{B19A4681-CF51-44B8-9B2F-217B6A931409}.Debug|Any CPU.ActiveCfg = Debug|Any CPU
		{B19A4681-CF51-44B8-9B2F-217B6A931409}.Debug|Any CPU.Build.0 = Debug|Any CPU
		{B19A4681-CF51-44B8-9B2F-217B6A931409}.Release|Any CPU.ActiveCfg = Release|Any CPU
		{B19A4681-CF51-44B8-9B2F-217B6A931409}.Release|Any CPU.Build.0 = Release|Any CPU
	EndGlobalSection
	GlobalSection(SolutionProperties) = preSolution
		HideSolutionNode = FALSE
	EndGlobalSection
	GlobalSection(ExtensibilityGlobals) = postSolution
		SolutionGuid = {908A4586-9901-46DE-992B-7957F0E3F166}
	EndGlobalSection
EndGlobal
