
Microsoft Visual Studio Solution File, Format Version 12.00
# Visual Studio 15
VisualStudioVersion = 15.0.28307.489
MinimumVisualStudioVersion = 10.0.40219.1
Project("{FAE04EC0-301F-11D3-BF4B-00C04F79EFBC}") = "1072", "1072\1072.csproj", "{B487C0E0-27F7-4BD5-8A32-16BAE56A403B}"
EndProject
Global
	GlobalSection(SolutionConfigurationPlatforms) = preSolution
		Debug|Any CPU = Debug|Any CPU
		Release|Any CPU = Release|Any CPU
	EndGlobalSection
	GlobalSection(ProjectConfigurationPlatforms) = postSolution
		{B487C0E0-27F7-4BD5-8A32-16BAE56A403B}.Debug|Any CPU.ActiveCfg = Debug|Any CPU
		{B487C0E0-27F7-4BD5-8A32-16BAE56A403B}.Debug|Any CPU.Build.0 = Debug|Any CPU
		{B487C0E0-27F7-4BD5-8A32-16BAE56A403B}.Release|Any CPU.ActiveCfg = Release|Any CPU
		{B487C0E0-27F7-4BD5-8A32-16BAE56A403B}.Release|Any CPU.Build.0 = Release|Any CPU
	EndGlobalSection
	GlobalSection(SolutionProperties) = preSolution
		HideSolutionNode = FALSE
	EndGlobalSection
	GlobalSection(ExtensibilityGlobals) = postSolution
		SolutionGuid = {6F8FBCE3-916C-409D-A3AB-28F8FC440C2F}
	EndGlobalSection
EndGlobal
